<?xml version="1.0" encoding="utf-8"?>
<Project ToolsVersion="4.0" xmlns="http://schemas.microsoft.com/developer/msbuild/2003">
  <ItemGroup>
    <Filter Include="Source Files">
      <UniqueIdentifier>{9C4767B3-470F-4E74-AC3D-0A2F6AB8CE95}</UniqueIdentifier>
      <Extensions>cpp;cxx;c;cc</Extensions>
    </Filter>
    <Filter Include="Header Files">
      <UniqueIdentifier>{48575C48-D2E2-40AE-91C4-C76BD5F1BD9B}</UniqueIdentifier>
      <Extensions>h;hpp;hxx</Extensions>
    </Filter>
    <Filter Include="Generated Files">
      <UniqueIdentifier>{11F29914-F3AE-4076-8D4F-FC2C47146981}</UniqueIdentifier>
    </Filter>
  </ItemGroup>
  <ItemGroup>
    <ClCompile Include="src\app\main.cpp">
      <Filter>Source Files</Filter>
    </ClCompile>
    <ClCompile Include="src\core\CaliperDetector.cpp">
      <Filter>Source Files</Filter>
    </ClCompile>
    <ClCompile Include="src\core\Recipe.cpp">
      <Filter>Source Files</Filter>
    </ClCompile>
    <ClCompile Include="src\core\RecipeRunner.cpp">
      <Filter>Source Files</Filter>
    </ClCompile>
    <ClCompile Include="src\ui\CurveWidget.cpp">
      <Filter>Source Files</Filter>
    </ClCompile>
    <ClCompile Include="src\ui\ImageView.cpp">
      <Filter>Source Files</Filter>
    </ClCompile>
    <ClCompile Include="src\ui\MainWindow.cpp">
      <Filter>Source Files</Filter>
    </ClCompile>
    <ClCompile Include="$(IntDir)generated\moc_CurveWidget.cpp">
      <Filter>Generated Files</Filter>
    </ClCompile>
    <ClCompile Include="$(IntDir)generated\moc_ImageView.cpp">
      <Filter>Generated Files</Filter>
    </ClCompile>
    <ClCompile Include="$(IntDir)generated\moc_MainWindow.cpp">
      <Filter>Generated Files</Filter>
    </ClCompile>
  </ItemGroup>
  <ItemGroup>
    <ClInclude Include="src\core\CaliperDetector.h">
      <Filter>Header Files</Filter>
    </ClInclude>
    <ClInclude Include="src\core\CaliperTypes.h">
      <Filter>Header Files</Filter>
    </ClInclude>
    <ClInclude Include="src\core\Recipe.h">
      <Filter>Header Files</Filter>
    </ClInclude>
    <ClInclude Include="src\core\RecipeRunner.h">
      <Filter>Header Files</Filter>
    </ClInclude>
  </ItemGroup>
  <ItemGroup>
    <CustomBuild Include="src\ui\CurveWidget.h">
      <Filter>Header Files</Filter>
    </CustomBuild>
    <CustomBuild Include="src\ui\ImageView.h">
      <Filter>Header Files</Filter>
    </CustomBuild>
    <CustomBuild Include="src\ui\MainWindow.h">
      <Filter>Header Files</Filter>
    </CustomBuild>
  </ItemGroup>
</Project>
